
Microsoft Visual Studio Solution File, Format Version 12.00
# Visual Studio 14
VisualStudioVersion = 14.0.25420.1
MinimumVisualStudioVersion = 10.0.40219.1
Project("{FAE04EC0-301F-11D3-BF4B-00C04F79EFBC}") = "TextBasedProgramming", "TextBasedProgramming\TextBasedProgramming.csproj", "{2A58A42A-9377-446C-94A4-F8A7473A5DA0}"
EndProject
Project("{FAE04EC0-301F-11D3-BF4B-00C04F79EFBC}") = "BUL", "BUL\BUL.csproj", "{9F161588-718A-4A22-8C73-C8BB928BDDC5}"
EndProject
Project("{FAE04EC0-301F-11D3-BF4B-00C04F79EFBC}") = "DAL", "DAL\DAL.csproj", "{3189238F-2436-45BB-908C-858405581434}"
EndProject
Project("{FAE04EC0-301F-11D3-BF4B-00C04F79EFBC}") = "PUBLIC_OBJECT", "PUBLIC_OBJECT\PUBLIC_OBJECT.csproj", "{C8FFA33C-F995-4D88-9F9B-9406BC7EE8E3}"
EndProject
Global
	GlobalSection(SolutionConfigurationPlatforms) = preSolution
		Debug|Any CPU = Debug|Any CPU
		Release|Any CPU = Release|Any CPU
	EndGlobalSection
	GlobalSection(ProjectConfigurationPlatforms) = postSolution
		{2A58A42A-9377-446C-94A4-F8A7473A5DA0}.Debug|Any CPU.ActiveCfg = Debug|Any CPU
		{2A58A42A-9377-446C-94A4-F8A7473A5DA0}.Debug|Any CPU.Build.0 = Debug|Any CPU
		{2A58A42A-9377-446C-94A4-F8A7473A5DA0}.Release|Any CPU.ActiveCfg = Release|Any CPU
		{2A58A42A-9377-446C-94A4-F8A7473A5DA0}.Release|Any CPU.Build.0 = Release|Any CPU
		{9F161588-718A-4A22-8C73-C8BB928BDDC5}.Debug|Any CPU.ActiveCfg = Debug|Any CPU
		{9F161588-718A-4A22-8C73-C8BB928BDDC5}.Debug|Any CPU.Build.0 = Debug|Any CPU
		{9F161588-718A-4A22-8C73-C8BB928BDDC5}.Release|Any CPU.ActiveCfg = Release|Any CPU
		{9F161588-718A-4A22-8C73-C8BB928BDDC5}.Release|Any CPU.Build.0 = Release|Any CPU
		{3189238F-2436-45BB-908C-858405581434}.Debug|Any CPU.ActiveCfg = Debug|Any CPU
		{3189238F-2436-45BB-908C-858405581434}.Debug|Any CPU.Build.0 = Debug|Any CPU
		{3189238F-2436-45BB-908C-858405581434}.Release|Any CPU.ActiveCfg = Release|Any CPU
		{3189238F-2436-45BB-908C-858405581434}.Release|Any CPU.Build.0 = Release|Any CPU
		{C8FFA33C-F995-4D88-9F9B-9406BC7EE8E3}.Debug|Any CPU.ActiveCfg = Debug|Any CPU
		{C8FFA33C-F995-4D88-9F9B-9406BC7EE8E3}.Debug|Any CPU.Build.0 = Debug|Any CPU
		{C8FFA33C-F995-4D88-9F9B-9406BC7EE8E3}.Release|Any CPU.ActiveCfg = Release|Any CPU
		{C8FFA33C-F995-4D88-9F9B-9406BC7EE8E3}.Release|Any CPU.Build.0 = Release|Any CPU
	EndGlobalSection
	GlobalSection(SolutionProperties) = preSolution
		HideSolutionNode = FALSE
	EndGlobalSection
EndGlobal
